
Microsoft Visual Studio Solution File, Format Version 12.00
# Visual Studio Version 17
VisualStudioVersion = 17.12.35208.216
MinimumVisualStudioVersion = 10.0.40219.1
Project("{FAE04EC0-301F-11D3-BF4B-00C04F79EFBC}") = "GitChangesPageExamples", "GitChangesPageExamples\GitChangesPageExamples.csproj", "{F11EBCAE-D1AB-4005-846A-6F84984515BD}"
EndProject
Project("{FAE04EC0-301F-11D3-BF4B-00C04F79EFBC}") = "TesterGame", "tester-game\csharp\TesterGame.csproj", "{AB423AAE-49B2-4137-BCCA-F2748EB63EB9}"
EndProject
Global
	GlobalSection(SolutionConfigurationPlatforms) = preSolution
		Debug|Any CPU = Debug|Any CPU
		Debug|x86 = Debug|x86
		Release|Any CPU = Release|Any CPU
		Release|x86 = Release|x86
	EndGlobalSection
	GlobalSection(ProjectConfigurationPlatforms) = postSolution
		{F11EBCAE-D1AB-4005-846A-6F84984515BD}.Debug|Any CPU.ActiveCfg = Debug|Any CPU
		{F11EBCAE-D1AB-4005-846A-6F84984515BD}.Debug|Any CPU.Build.0 = Debug|Any CPU
		{F11EBCAE-D1AB-4005-846A-6F84984515BD}.Debug|x86.ActiveCfg = Debug|Any CPU
		{F11EBCAE-D1AB-4005-846A-6F84984515BD}.Debug|x86.Build.0 = Debug|Any CPU
		{F11EBCAE-D1AB-4005-846A-6F84984515BD}.Release|Any CPU.ActiveCfg = Release|Any CPU
		{F11EBCAE-D1AB-4005-846A-6F84984515BD}.Release|Any CPU.Build.0 = Release|Any CPU
		{F11EBCAE-D1AB-4005-846A-6F84984515BD}.Release|x86.ActiveCfg = Release|Any CPU
		{F11EBCAE-D1AB-4005-846A-6F84984515BD}.Release|x86.Build.0 = Release|Any CPU
		{AB423AAE-49B2-4137-BCCA-F2748EB63EB9}.Debug|Any CPU.ActiveCfg = Debug|x86
		{AB423AAE-49B2-4137-BCCA-F2748EB63EB9}.Debug|Any CPU.Build.0 = Debug|x86
		{AB423AAE-49B2-4137-BCCA-F2748EB63EB9}.Debug|x86.ActiveCfg = Debug|x86
		{AB423AAE-49B2-4137-BCCA-F2748EB63EB9}.Debug|x86.Build.0 = Debug|x86
		{AB423AAE-49B2-4137-BCCA-F2748EB63EB9}.Release|Any CPU.ActiveCfg = Release|x86
		{AB423AAE-49B2-4137-BCCA-F2748EB63EB9}.Release|Any CPU.Build.0 = Release|x86
		{AB423AAE-49B2-4137-BCCA-F2748EB63EB9}.Release|x86.ActiveCfg = Release|x86
		{AB423AAE-49B2-4137-BCCA-F2748EB63EB9}.Release|x86.Build.0 = Release|x86
	EndGlobalSection
	GlobalSection(SolutionProperties) = preSolution
		HideSolutionNode = FALSE
	EndGlobalSection
	GlobalSection(ExtensibilityGlobals) = postSolution
		SolutionGuid = {C960E3B8-7EDE-413A-89CF-402819A17D6C}
	EndGlobalSection
EndGlobal
